
Microsoft Visual Studio Solution File, Format Version 12.00
# Visual Studio Version 17
VisualStudioVersion = 17.1.31911.260
MinimumVisualStudioVersion = 10.0.40219.1
Project("{9A19103F-16F7-4668-BE54-9A1E7A4F7556}") = "Acudir.Test.Apis", "Acudir.Test.Apis\Acudir.Test.Apis.csproj", "{122BCC8C-6BCF-4661-BC30-78DC14678AC5}"
EndProject
Project("{FAE04EC0-301F-11D3-BF4B-00C04F79EFBC}") = "Acudir.Test.Domain", "Acudir.Test.Domain\Acudir.Test.Domain.csproj", "{D47C529F-6759-44A7-9180-D9809E44AC7A}"
EndProject
Project("{FAE04EC0-301F-11D3-BF4B-00C04F79EFBC}") = "Acudir.Test.Infrastructure", "Acudir.Test.Infrastructure\Acudir.Test.Infrastructure.csproj", "{CFCD3B8F-C47B-4E74-A90A-D053DE48A965}"
EndProject
Project("{FAE04EC0-301F-11D3-BF4B-00C04F79EFBC}") = "Acudir.Test.Tests", "Acudir.Test.Tests\Acudir.Test.Tests.csproj", "{F92FE67C-D41C-4405-A588-C79433574041}"
EndProject
Project("{2150E333-8FDC-42A3-9474-1A3956D46DE8}") = "Solution Items", "Solution Items", "{D107F4C8-89CC-BEA8-D3D7-CA6B7733353D}"
	ProjectSection(SolutionItems) = preProject
		.gitignore = .gitignore
		README.md = README.md
	EndProjectSection
EndProject
Global
	GlobalSection(SolutionConfigurationPlatforms) = preSolution
		Debug|Any CPU = Debug|Any CPU
		Release|Any CPU = Release|Any CPU
	EndGlobalSection
	GlobalSection(ProjectConfigurationPlatforms) = postSolution
		{122BCC8C-6BCF-4661-BC30-78DC14678AC5}.Debug|Any CPU.ActiveCfg = Debug|Any CPU
		{122BCC8C-6BCF-4661-BC30-78DC14678AC5}.Debug|Any CPU.Build.0 = Debug|Any CPU
		{122BCC8C-6BCF-4661-BC30-78DC14678AC5}.Release|Any CPU.ActiveCfg = Release|Any CPU
		{122BCC8C-6BCF-4661-BC30-78DC14678AC5}.Release|Any CPU.Build.0 = Release|Any CPU
		{D47C529F-6759-44A7-9180-D9809E44AC7A}.Debug|Any CPU.ActiveCfg = Debug|Any CPU
		{D47C529F-6759-44A7-9180-D9809E44AC7A}.Debug|Any CPU.Build.0 = Debug|Any CPU
		{D47C529F-6759-44A7-9180-D9809E44AC7A}.Release|Any CPU.ActiveCfg = Release|Any CPU
		{D47C529F-6759-44A7-9180-D9809E44AC7A}.Release|Any CPU.Build.0 = Release|Any CPU
		{CFCD3B8F-C47B-4E74-A90A-D053DE48A965}.Debug|Any CPU.ActiveCfg = Debug|Any CPU
		{CFCD3B8F-C47B-4E74-A90A-D053DE48A965}.Debug|Any CPU.Build.0 = Debug|Any CPU
		{CFCD3B8F-C47B-4E74-A90A-D053DE48A965}.Release|Any CPU.ActiveCfg = Release|Any CPU
		{CFCD3B8F-C47B-4E74-A90A-D053DE48A965}.Release|Any CPU.Build.0 = Release|Any CPU
		{F92FE67C-D41C-4405-A588-C79433574041}.Debug|Any CPU.ActiveCfg = Debug|Any CPU
		{F92FE67C-D41C-4405-A588-C79433574041}.Debug|Any CPU.Build.0 = Debug|Any CPU
		{F92FE67C-D41C-4405-A588-C79433574041}.Release|Any CPU.ActiveCfg = Release|Any CPU
		{F92FE67C-D41C-4405-A588-C79433574041}.Release|Any CPU.Build.0 = Release|Any CPU
	EndGlobalSection
	GlobalSection(SolutionProperties) = preSolution
		HideSolutionNode = FALSE
	EndGlobalSection
	GlobalSection(ExtensibilityGlobals) = postSolution
		SolutionGuid = {D15820BC-0967-4C4B-A226-1E886DDBBB57}
	EndGlobalSection
EndGlobal
